
Microsoft Visual Studio Solution File, Format Version 12.00
# Visual Studio Version 17
VisualStudioVersion = 17.14.36518.9
MinimumVisualStudioVersion = 10.0.40219.1
Project("{FAE04EC0-301F-11D3-BF4B-00C04F79EFBC}") = "trpo7_voroshilov_pr", "trpo7_voroshilov_pr.csproj", "{EAEAC5E2-E6D3-4A33-826C-54A8550D58EE}"
EndProject
Global
	GlobalSection(SolutionConfigurationPlatforms) = preSolution
		Debug|Any CPU = Debug|Any CPU
		Release|Any CPU = Release|Any CPU
	EndGlobalSection
	GlobalSection(ProjectConfigurationPlatforms) = postSolution
		{EAEAC5E2-E6D3-4A33-826C-54A8550D58EE}.Debug|Any CPU.ActiveCfg = Debug|Any CPU
		{EAEAC5E2-E6D3-4A33-826C-54A8550D58EE}.Debug|Any CPU.Build.0 = Debug|Any CPU
		{EAEAC5E2-E6D3-4A33-826C-54A8550D58EE}.Release|Any CPU.ActiveCfg = Release|Any CPU
		{EAEAC5E2-E6D3-4A33-826C-54A8550D58EE}.Release|Any CPU.Build.0 = Release|Any CPU
	EndGlobalSection
	GlobalSection(SolutionProperties) = preSolution
		HideSolutionNode = FALSE
	EndGlobalSection
	GlobalSection(ExtensibilityGlobals) = postSolution
		SolutionGuid = {E509EE20-79D0-44BB-A4CE-798E2387AE50}
	EndGlobalSection
EndGlobal
